<?xml version="1.0" encoding="utf-8"?>
<Project ToolsVersion="4.0" xmlns="http://schemas.microsoft.com/developer/msbuild/2003">
  <ItemGroup>
    <Filter Include="Common">
      <UniqueIdentifier>80dbdc0e-1651-4b8b-b61c-9f4c6a1c3a52</UniqueIdentifier>
    </Filter>
    <Filter Include="Assets">
      <UniqueIdentifier>c1fc9d42-4599-4a8c-a4b2-e746b0559211</UniqueIdentifier>
      <Extensions>bmp;fbx;gif;jpg;jpeg;tga;tiff;tif;png</Extensions>
    </Filter>
    <Filter Include="Content">
      <UniqueIdentifier>f06d4847-4837-402d-a937-5d17e9d917ee</UniqueIdentifier>
    </Filter>
    <ClInclude Include="Common\DirectXHelper.h">
      <Filter>Common</Filter>
    </ClInclude>
    <ClInclude Include="Common\StepTimer.h">
      <Filter>Common</Filter>
    </ClInclude>
    <ClInclude Include="Common\DeviceResources.h">
      <Filter>Common</Filter>
    </ClInclude>
    <ClCompile Include="Common\DeviceResources.cpp">
      <Filter>Common</Filter>
    </ClCompile>
    <ClInclude Include="Content\Sample3DSceneRenderer.h">
      <Filter>Content</Filter>
    </ClInclude>
    <ClInclude Include="Content\SampleFpsTextRenderer.h">
      <Filter>Content</Filter>
    </ClInclude>
    <ClInclude Include="Content\ShaderStructures.h">
      <Filter>Content</Filter>
    </ClInclude>
    <ClCompile Include="Content\Sample3DSceneRenderer.cpp">
      <Filter>Content</Filter>
    </ClCompile>
    <ClCompile Include="Content\SampleFpsTextRenderer.cpp">
      <Filter>Content</Filter>
    </ClCompile>
    <FxCompile Include="Content\SampleVertexShader.hlsl">
      <Filter>Content</Filter>
    </FxCompile>
    <Image Include="Assets\LockScreenLogo.scale-200.png">
      <Filter>Assets</Filter>
    </Image>
    <Image Include="Assets\SplashScreen.scale-200.png">
      <Filter>Assets</Filter>
    </Image>
    <Image Include="Assets\Square150x150Logo.scale-200.png">
      <Filter>Assets</Filter>
    </Image>
    <Image Include="Assets\Square44x44Logo.scale-200.png">
      <Filter>Assets</Filter>
    </Image>
    <Image Include="Assets\Square44x44Logo.targetsize-24_altform-unplated.png">
      <Filter>Assets</Filter>
    </Image>
    <Image Include="Assets\Wide310x150Logo.scale-200.png">
      <Filter>Assets</Filter>
    </Image>
    <Filter Include="Assets\Textures">
      <UniqueIdentifier>{9574f0f7-d49d-4b51-9c81-70fe457acea8}</UniqueIdentifier>
    </Filter>
    <Filter Include="Assets\Models">
      <UniqueIdentifier>{21fe62cc-c127-4a8f-9ca1-198adfe0dbdc}</UniqueIdentifier>
    </Filter>
  </ItemGroup>
  <ItemGroup>
    <ClCompile Include="App.cpp" />
    <ClCompile Include="Mystery_Treasure_ChamberMain.cpp" />
    <ClCompile Include="pch.cpp" />
    <ClCompile Include="DDSTextureLoader.cpp">
      <Filter>Common</Filter>
    </ClCompile>
  </ItemGroup>
  <ItemGroup>
    <ClInclude Include="App.h" />
    <ClInclude Include="Mystery_Treasure_ChamberMain.h" />
    <ClInclude Include="pch.h" />
    <ClInclude Include="DDSTextureLoader.h">
      <Filter>Common</Filter>
    </ClInclude>
  </ItemGroup>
  <ItemGroup>
    <Image Include="Assets\StoreLogo.png">
      <Filter>Assets</Filter>
    </Image>
    <Image Include="Assets\Textures\Scales.DDS">
      <Filter>Assets\Textures</Filter>
    </Image>
    <Image Include="Assets\Textures\StoneWall_1024_albedo.DDS">
      <Filter>Assets\Textures</Filter>
    </Image>
    <Image Include="Assets\Textures\StoneWall_1024_height.DDS">
      <Filter>Assets\Textures</Filter>
    </Image>
    <Image Include="Assets\Textures\StoneWall_1024_normal.DDS">
      <Filter>Assets\Textures</Filter>
    </Image>
    <Image Include="Assets\Textures\StoneWall_1024_roughness.DDS">
      <Filter>Assets\Textures</Filter>
    </Image>
    <Image Include="Assets\Textures\Scales2.DDS">
      <Filter>Assets\Textures</Filter>
    </Image>
    <Image Include="Assets\Textures\fire.DDS">
      <Filter>Assets\Textures</Filter>
    </Image>
    <Image Include="Assets\Textures\noise.DDS">
      <Filter>Assets\Textures</Filter>
    </Image>
    <Image Include="Assets\Textures\Stone_Wall_002_COLOR.DDS">
      <Filter>Assets\Textures</Filter>
    </Image>
    <Image Include="Assets\Textures\Stone_Wall_002_DISP.DDS">
      <Filter>Assets\Textures</Filter>
    </Image>
    <Image Include="Assets\Textures\Stone_Wall_002_NRM.DDS">
      <Filter>Assets\Textures</Filter>
    </Image>
  </ItemGroup>
  <ItemGroup>
    <AppxManifest Include="Package.appxmanifest" />
  </ItemGroup>
  <ItemGroup>
    <None Include="Mystery Treasure Chamber_TemporaryKey.pfx" />
  </ItemGroup>
  <ItemGroup>
    <FxCompile Include="ModelVertexShader.hlsl">
      <Filter>Content</Filter>
    </FxCompile>
    <FxCompile Include="GeometryShader.hlsl">
      <Filter>Content</Filter>
    </FxCompile>
    <FxCompile Include="ParticlePixelShader.hlsl">
      <Filter>Content</Filter>
    </FxCompile>
    <FxCompile Include="HullShader.hlsl">
      <Filter>Content</Filter>
    </FxCompile>
    <FxCompile Include="VertexShader.hlsl">
      <Filter>Content</Filter>
    </FxCompile>
    <FxCompile Include="DomainShader.hlsl">
      <Filter>Content</Filter>
    </FxCompile>
    <FxCompile Include="Content\RoomPixelShader.hlsl">
      <Filter>Content</Filter>
    </FxCompile>
    <FxCompile Include="PillarPixelShader.hlsl">
      <Filter>Content</Filter>
    </FxCompile>
    <FxCompile Include="FloorPixelShader.hlsl">
      <Filter>Content</Filter>
    </FxCompile>
    <FxCompile Include="ModelPixelShader.hlsl">
      <Filter>Content</Filter>
    </FxCompile>
    <FxCompile Include="ParticleVertexShaderSO.hlsl">
      <Filter>Content</Filter>
    </FxCompile>
    <FxCompile Include="ParticleVertexShader.hlsl">
      <Filter>Content</Filter>
    </FxCompile>
    <FxCompile Include="GeometryShaderSO.hlsl">
      <Filter>Content</Filter>
    </FxCompile>
  </ItemGroup>
  <ItemGroup>
    <Text Include="Assets\Models\Snake.txt">
      <Filter>Assets\Models</Filter>
    </Text>
  </ItemGroup>
</Project>