<?xml version="1.0" encoding="utf-8"?>
<Project ToolsVersion="4.0" xmlns="http://schemas.microsoft.com/developer/msbuild/2003">
  <ItemGroup>
    <Filter Include="Source Files">
      <UniqueIdentifier>{4FC737F1-C7A5-4376-A066-2A32D752A2FF}</UniqueIdentifier>
      <Extensions>cpp;c;cc;cxx;c++;cppm;ixx;def;odl;idl;hpj;bat;asm;asmx</Extensions>
    </Filter>
    <Filter Include="Header Files">
      <UniqueIdentifier>{93995380-89BD-4b04-88EB-625FBE52EBFB}</UniqueIdentifier>
      <Extensions>h;hh;hpp;hxx;h++;hm;inl;inc;ipp;xsd</Extensions>
    </Filter>
    <Filter Include="Resource Files">
      <UniqueIdentifier>{67DA6AB6-F800-4c08-8B7A-83BB121AAD01}</UniqueIdentifier>
      <Extensions>rc;ico;cur;bmp;dlg;rc2;rct;bin;rgs;gif;jpg;jpeg;jpe;resx;tiff;tif;png;wav;mfcribbon-ms</Extensions>
    </Filter>
    <Filter Include="Header Files\Common">
      <UniqueIdentifier>{55e35598-afdb-40a2-9307-b133481fdcbb}</UniqueIdentifier>
    </Filter>
    <Filter Include="Source Files\Common">
      <UniqueIdentifier>{cdc6a3c0-ea5a-4e49-83e8-612d9e83f2e5}</UniqueIdentifier>
    </Filter>
    <Filter Include="Header Files\Content">
      <UniqueIdentifier>{3cd7e1c5-81e1-4d72-ac9f-1e69881ea884}</UniqueIdentifier>
    </Filter>
    <Filter Include="Source Files\Content">
      <UniqueIdentifier>{c610f249-302f-42e1-b0e9-6e9f43d8357b}</UniqueIdentifier>
    </Filter>
    <Filter Include="Resource Files\Content">
      <UniqueIdentifier>{27b4fcf7-9189-4baa-90ee-3e1c9b7227d3}</UniqueIdentifier>
    </Filter>
  </ItemGroup>
  <ItemGroup>
    <ClInclude Include="framework.h">
      <Filter>Header Files</Filter>
    </ClInclude>
    <ClInclude Include="targetver.h">
      <Filter>Header Files</Filter>
    </ClInclude>
    <ClInclude Include="Resource.h">
      <Filter>Header Files</Filter>
    </ClInclude>
    <ClInclude Include="Mystery Treasure Chamber.h">
      <Filter>Header Files</Filter>
    </ClInclude>
    <ClInclude Include="Mystery_Treasure_ChamberMain.h">
      <Filter>Header Files</Filter>
    </ClInclude>
    <ClInclude Include="Common\DeviceResources.h">
      <Filter>Header Files\Common</Filter>
    </ClInclude>
    <ClInclude Include="pch.h">
      <Filter>Header Files</Filter>
    </ClInclude>
    <ClInclude Include="Common\StepTimer.h">
      <Filter>Header Files\Common</Filter>
    </ClInclude>
    <ClInclude Include="Common\DirectXHelper.h">
      <Filter>Header Files\Common</Filter>
    </ClInclude>
    <ClInclude Include="Content\Sample3DSceneRenderer.h">
      <Filter>Header Files\Content</Filter>
    </ClInclude>
    <ClInclude Include="Content\SampleFpsTextRenderer.h">
      <Filter>Header Files\Content</Filter>
    </ClInclude>
    <ClInclude Include="Content\ShaderStructures.h">
      <Filter>Header Files\Content</Filter>
    </ClInclude>
    <ClInclude Include="Common\DDSTextureLoader.h">
      <Filter>Header Files\Common</Filter>
    </ClInclude>
    <ClInclude Include="Material.h">
      <Filter>Header Files</Filter>
    </ClInclude>
  </ItemGroup>
  <ItemGroup>
    <ClCompile Include="Mystery Treasure Chamber.cpp">
      <Filter>Source Files</Filter>
    </ClCompile>
    <ClCompile Include="Mystery_Treasure_ChamberMain.cpp">
      <Filter>Source Files</Filter>
    </ClCompile>
    <ClCompile Include="Common\DeviceResources.cpp">
      <Filter>Source Files\Common</Filter>
    </ClCompile>
    <ClCompile Include="Content\SampleFpsTextRenderer.cpp">
      <Filter>Source Files\Content</Filter>
    </ClCompile>
    <ClCompile Include="Content\Sample3DSceneRenderer.cpp">
      <Filter>Source Files\Content</Filter>
    </ClCompile>
    <ClCompile Include="Common\DDSTextureLoader.cpp">
      <Filter>Source Files\Common</Filter>
    </ClCompile>
    <ClCompile Include="Material.cpp">
      <Filter>Source Files</Filter>
    </ClCompile>
  </ItemGroup>
  <ItemGroup>
    <ResourceCompile Include="Mystery Treasure Chamber.rc">
      <Filter>Resource Files</Filter>
    </ResourceCompile>
  </ItemGroup>
  <ItemGroup>
    <Image Include="small.ico">
      <Filter>Resource Files</Filter>
    </Image>
    <Image Include="Mystery Treasure Chamber.ico">
      <Filter>Resource Files</Filter>
    </Image>
    <Image Include="Assets\Textures\Stone_Wall_002_COLOR.DDS" />
    <Image Include="Assets\Textures\StoneWall_1024_roughness.tif">
      <Filter>Resource Files</Filter>
    </Image>
    <Image Include="Assets\Textures\fire.DDS" />
    <Image Include="Assets\Textures\fire.jpg">
      <Filter>Resource Files</Filter>
    </Image>
    <Image Include="Assets\Textures\noise.DDS" />
    <Image Include="Assets\Textures\noise.jpg">
      <Filter>Resource Files</Filter>
    </Image>
    <Image Include="Assets\Textures\noise.png">
      <Filter>Resource Files</Filter>
    </Image>
    <Image Include="Assets\Textures\Scales.DDS" />
    <Image Include="Assets\Textures\Scales.jpg">
      <Filter>Resource Files</Filter>
    </Image>
    <Image Include="Assets\Textures\Scales2.DDS" />
    <Image Include="Assets\Textures\Scales2.jpg">
      <Filter>Resource Files</Filter>
    </Image>
    <Image Include="Assets\Textures\Stone_Wall_002_COLOR.png">
      <Filter>Resource Files</Filter>
    </Image>
    <Image Include="Assets\Textures\Stone_Wall_002_DISP.DDS" />
    <Image Include="Assets\Textures\Stone_Wall_002_DISP.png">
      <Filter>Resource Files</Filter>
    </Image>
    <Image Include="Assets\Textures\Stone_Wall_002_NRM.DDS" />
    <Image Include="Assets\Textures\Stone_Wall_002_NRM.png">
      <Filter>Resource Files</Filter>
    </Image>
    <Image Include="Assets\Textures\StoneWall_1024_albedo.DDS" />
    <Image Include="Assets\Textures\StoneWall_1024_albedo.tif">
      <Filter>Resource Files</Filter>
    </Image>
    <Image Include="Assets\Textures\StoneWall_1024_ao.tif">
      <Filter>Resource Files</Filter>
    </Image>
    <Image Include="Assets\Textures\StoneWall_1024_height.DDS" />
    <Image Include="Assets\Textures\StoneWall_1024_height.tif">
      <Filter>Resource Files</Filter>
    </Image>
    <Image Include="Assets\Textures\StoneWall_1024_normal.DDS" />
    <Image Include="Assets\Textures\StoneWall_1024_normal.tif">
      <Filter>Resource Files</Filter>
    </Image>
    <Image Include="Assets\Textures\StoneWall_1024_roughness.DDS" />
  </ItemGroup>
  <ItemGroup>
    <FxCompile Include="DomainShader.hlsl">
      <Filter>Resource Files</Filter>
    </FxCompile>
    <FxCompile Include="FloorPixelShader.hlsl">
      <Filter>Resource Files</Filter>
    </FxCompile>
    <FxCompile Include="GeometryShader.hlsl">
      <Filter>Resource Files</Filter>
    </FxCompile>
    <FxCompile Include="GeometryShaderSO.hlsl">
      <Filter>Resource Files</Filter>
    </FxCompile>
    <FxCompile Include="HullShader.hlsl">
      <Filter>Resource Files</Filter>
    </FxCompile>
    <FxCompile Include="ModelPixelShader.hlsl">
      <Filter>Resource Files</Filter>
    </FxCompile>
    <FxCompile Include="ModelVertexShader.hlsl">
      <Filter>Resource Files</Filter>
    </FxCompile>
    <FxCompile Include="ParticlePixelShader.hlsl">
      <Filter>Resource Files</Filter>
    </FxCompile>
    <FxCompile Include="ParticleVertexShader.hlsl">
      <Filter>Resource Files</Filter>
    </FxCompile>
    <FxCompile Include="ParticleVertexShaderSO.hlsl">
      <Filter>Resource Files</Filter>
    </FxCompile>
    <FxCompile Include="PillarPixelShader.hlsl">
      <Filter>Resource Files</Filter>
    </FxCompile>
    <FxCompile Include="VertexShader.hlsl">
      <Filter>Resource Files</Filter>
    </FxCompile>
    <FxCompile Include="Content\RoomPixelShader.hlsl">
      <Filter>Resource Files\Content</Filter>
    </FxCompile>
    <FxCompile Include="Content\SampleVertexShader.hlsl">
      <Filter>Resource Files\Content</Filter>
    </FxCompile>
  </ItemGroup>
  <ItemGroup>
    <Text Include="Assets\Models\Snake.txt" />
    <Text Include="Assets\Models\Snek.txt" />
  </ItemGroup>
</Project>